// !$*UTF8*$!
{
	archiveVersion = 1;
	classes = {
	};
	objectVersion = 46;
	objects = {

/* Begin PBXBuildFile section */
		74BF523814CE46AE003AE685 /* UIKit.framework in Frameworks */ = {isa = PBXBuildFile; fileRef = 74BF523714CE46AE003AE685 /* UIKit.framework */; };
		74BF523A14CE46AE003AE685 /* Foundation.framework in Frameworks */ = {isa = PBXBuildFile; fileRef = 74BF523914CE46AE003AE685 /* Foundation.framework */; };
		74BF523C14CE46AE003AE685 /* CoreGraphics.framework in Frameworks */ = {isa = PBXBuildFile; fileRef = 74BF523B14CE46AE003AE685 /* CoreGraphics.framework */; };
		74BF524214CE46AE003AE685 /* InfoPlist.strings in Resources */ = {isa = PBXBuildFile; fileRef = 74BF524014CE46AE003AE685 /* InfoPlist.strings */; };
		74BF524414CE46AE003AE685 /* main.m in Sources */ = {isa = PBXBuildFile; fileRef = 74BF524314CE46AE003AE685 /* main.m */; };
		74BF524814CE46AE003AE685 /* AppDelegate.m in Sources */ = {isa = PBXBuildFile; fileRef = 74BF524714CE46AE003AE685 /* AppDelegate.m */; };
		74BF524B14CE46AE003AE685 /* MainStoryboard.storyboard in Resources */ = {isa = PBXBuildFile; fileRef = 74BF524914CE46AE003AE685 /* MainStoryboard.storyboard */; };
		74BF524E14CE46AE003AE685 /* ViewController.m in Sources */ = {isa = PBXBuildFile; fileRef = 74BF524D14CE46AE003AE685 /* ViewController.m */; };
/* End PBXBuildFile section */

/* Begin PBXFileReference section */
		74BF523314CE46AE003AE685 /* Regularity.app */ = {isa = PBXFileReference; explicitFileType = wrapper.application; includeInIndex = 0; path = Regularity.app; sourceTree = BUILT_PRODUCTS_DIR; };
		74BF523714CE46AE003AE685 /* UIKit.framework */ = {isa = PBXFileReference; lastKnownFileType = wrapper.framework; name = UIKit.framework; path = System/Library/Frameworks/UIKit.framework; sourceTree = SDKROOT; };
		74BF523914CE46AE003AE685 /* Foundation.framework */ = {isa = PBXFileReference; lastKnownFileType = wrapper.framework; name = Foundation.framework; path = System/Library/Frameworks/Foundation.framework; sourceTree = SDKROOT; };
		74BF523B14CE46AE003AE685 /* CoreGraphics.framework */ = {isa = PBXFileReference; lastKnownFileType = wrapper.framework; name = CoreGraphics.framework; path = System/Library/Frameworks/CoreGraphics.framework; sourceTree = SDKROOT; };
		74BF523F14CE46AE003AE685 /* Regularity-Info.plist */ = {isa = PBXFileReference; path = "Regularity-Info.plist"; sourceTree = "<group>"; };
		74BF524114CE46AE003AE685 /* en */ = {isa = PBXFileReference; lastKnownFileType = text.plist.strings; name = en; path = en.lproj/InfoPlist.strings; sourceTree = "<group>"; };
		74BF524314CE46AE003AE685 /* main.m */ = {isa = PBXFileReference; lastKnownFileType = sourcecode.c.objc; path = main.m; sourceTree = "<group>"; };
		74BF524514CE46AE003AE685 /* Regularity-Prefix.pch */ = {isa = PBXFileReference; path = "Regularity-Prefix.pch"; sourceTree = "<group>"; };
		74BF524614CE46AE003AE685 /* AppDelegate.h */ = {isa = PBXFileReference; path = AppDelegate.h; sourceTree = "<group>"; };
		74BF524714CE46AE003AE685 /* AppDelegate.m */ = {isa = PBXFileReference; lastKnownFileType = sourcecode.c.objc; path = AppDelegate.m; sourceTree = "<group>"; };
		74BF524A14CE46AE003AE685 /* en */ = {isa = PBXFileReference; lastKnownFileType = file.storyboard; name = en; path = en.lproj/MainStoryboard.storyboard; sourceTree = "<group>"; };
		74BF524C14CE46AE003AE685 /* ViewController.h */ = {isa = PBXFileReference; path = ViewController.h; sourceTree = "<group>"; };
		74BF524D14CE46AE003AE685 /* ViewController.m */ = {isa = PBXFileReference; lastKnownFileType = sourcecode.c.objc; path = ViewController.m; sourceTree = "<group>"; };
/* End PBXFileReference section */

/* Begin PBXFrameworksBuildPhase section */
		74BF523014CE46AE003AE685 /* Frameworks */ = {
			isa = PBXFrameworksBuildPhase;
			buildActionMask = 2147483647;
			files = (
				74BF523814CE46AE003AE685 /* UIKit.framework in Frameworks */,
				74BF523A14CE46AE003AE685 /* Foundation.framework in Frameworks */,
				74BF523C14CE46AE003AE685 /* CoreGraphics.framework in Frameworks */,
			);
			runOnlyForDeploymentPostprocessing = 0;
		};
/* End PBXFrameworksBuildPhase section */

/* Begin PBXGroup section */
		74BF522814CE46AE003AE685 = {
			isa = PBXGroup;
			children = (
				74BF523D14CE46AE003AE685 /* Regularity */,
				74BF523614CE46AE003AE685 /* Frameworks */,
				74BF523414CE46AE003AE685 /* Products */,
			);
			sourceTree = "<group>";
		};
		74BF523414CE46AE003AE685 /* Products */ = {
			isa = PBXGroup;
			children = (
				74BF523314CE46AE003AE685 /* Regularity.app */,
			);
			name = Products;
			sourceTree = "<group>";
		};
		74BF523614CE46AE003AE685 /* Frameworks */ = {
			isa = PBXGroup;
			children = (
				74BF523714CE46AE003AE685 /* UIKit.framework */,
				74BF523914CE46AE003AE685 /* Foundation.framework */,
				74BF523B14CE46AE003AE685 /* CoreGraphics.framework */,
			);
			name = Frameworks;
			sourceTree = "<group>";
		};
		74BF523D14CE46AE003AE685 /* Regularity */ = {
			isa = PBXGroup;
			children = (
				74BF524614CE46AE003AE685 /* AppDelegate.h */,
				74BF524714CE46AE003AE685 /* AppDelegate.m */,
				74BF524914CE46AE003AE685 /* MainStoryboard.storyboard */,
				74BF524C14CE46AE003AE685 /* ViewController.h */,
				74BF524D14CE46AE003AE685 /* ViewController.m */,
				74BF523E14CE46AE003AE685 /* Supporting Files */,
			);
			path = Regularity;
			sourceTree = "<group>";
		};
		74BF523E14CE46AE003AE685 /* Supporting Files */ = {
			isa = PBXGroup;
			children = (
				74BF523F14CE46AE003AE685 /* Regularity-Info.plist */,
				74BF524014CE46AE003AE685 /* InfoPlist.strings */,
				74BF524314CE46AE003AE685 /* main.m */,
				74BF524514CE46AE003AE685 /* Regularity-Prefix.pch */,
			);
			name = "Supporting Files";
			sourceTree = "<group>";
		};
/* End PBXGroup section */

/* Begin PBXNativeTarget section */
		74BF523214CE46AE003AE685 /* Regularity */ = {
			isa = PBXNativeTarget;
			buildConfigurationList = 74BF525114CE46AE003AE685 /* Build configuration list for PBXNativeTarget "Regularity" */;
			buildPhases = (
				74BF522F14CE46AE003AE685 /* Sources */,
				74BF523014CE46AE003AE685 /* Frameworks */,
				74BF523114CE46AE003AE685 /* Resources */,
			);
			buildRules = (
			);
			dependencies = (
			);
			name = Regularity;
			productName = Regularity;
			productReference = 74BF523314CE46AE003AE685 /* Regularity.app */;
			productType = "com.apple.product-type.application";
		};
/* End PBXNativeTarget section */

/* Begin PBXProject section */
		74BF522A14CE46AE003AE685 /* Project object */ = {
			isa = PBXProject;
			attributes = {
				LastUpgradeCheck = 0420;
				ORGANIZATIONNAME = "Gemini SBS";
			};
			buildConfigurationList = 74BF522D14CE46AE003AE685 /* Build configuration list for PBXProject "Regularity" */;
			compatibilityVersion = "Xcode 3.2";
			developmentRegion = English;
			hasScannedForEncodings = 0;
			knownRegions = (
				en,
			);
			mainGroup = 74BF522814CE46AE003AE685;
			productRefGroup = 74BF523414CE46AE003AE685 /* Products */;
			projectDirPath = "";
			projectRoot = "";
			targets = (
				74BF523214CE46AE003AE685 /* Regularity */,
			);
		};
/* End PBXProject section */

/* Begin PBXResourcesBuildPhase section */
		74BF523114CE46AE003AE685 /* Resources */ = {
			isa = PBXResourcesBuildPhase;
			buildActionMask = 2147483647;
			files = (
				74BF524214CE46AE003AE685 /* InfoPlist.strings in Resources */,
				74BF524B14CE46AE003AE685 /* MainStoryboard.storyboard in Resources */,
			);
			runOnlyForDeploymentPostprocessing = 0;
		};
/* End PBXResourcesBuildPhase section */

/* Begin PBXSourcesBuildPhase section */
		74BF522F14CE46AE003AE685 /* Sources */ = {
			isa = PBXSourcesBuildPhase;
			buildActionMask = 2147483647;
			files = (
				74BF524414CE46AE003AE685 /* main.m in Sources */,
				74BF524814CE46AE003AE685 /* AppDelegate.m in Sources */,
				74BF524E14CE46AE003AE685 /* ViewController.m in Sources */,
			);
			runOnlyForDeploymentPostprocessing = 0;
		};
/* End PBXSourcesBuildPhase section */

/* Begin PBXVariantGroup section */
		74BF524014CE46AE003AE685 /* InfoPlist.strings */ = {
			isa = PBXVariantGroup;
			children = (
				74BF524114CE46AE003AE685 /* en */,
			);
			name = InfoPlist.strings;
			sourceTree = "<group>";
		};
		74BF524914CE46AE003AE685 /* MainStoryboard.storyboard */ = {
			isa = PBXVariantGroup;
			children = (
				74BF524A14CE46AE003AE685 /* en */,
			);
			name = MainStoryboard.storyboard;
			sourceTree = "<group>";
		};
/* End PBXVariantGroup section */

/* Begin XCBuildConfiguration section */
		74BF524F14CE46AE003AE685 /* Debug */ = {
			isa = XCBuildConfiguration;
			buildSettings = {
				ALWAYS_SEARCH_USER_PATHS = NO;
				ARCHS = "$(ARCHS_STANDARD_32_BIT)";
				CLANG_ENABLE_OBJC_ARC = YES;
				"CODE_SIGN_IDENTITY[sdk=iphoneos*]" = "iPhone Developer";
				COPY_PHASE_STRIP = NO;
				GCC_C_LANGUAGE_STANDARD = gnu99;
				GCC_DYNAMIC_NO_PIC = NO;
				GCC_OPTIMIZATION_LEVEL = 0;
				GCC_PREPROCESSOR_DEFINITIONS = (
					"DEBUG=1",
					"$(inherited)",
				);
				GCC_SYMBOLS_PRIVATE_EXTERN = NO;
				GCC_VERSION = com.apple.compilers.llvm.clang.1_0;
				GCC_WARN_ABOUT_MISSING_PROTOTYPES = YES;
				GCC_WARN_ABOUT_RETURN_TYPE = YES;
				GCC_WARN_UNUSED_VARIABLE = YES;
				IPHONEOS_DEPLOYMENT_TARGET = 5.0;
				SDKROOT = iphoneos;
			};
			name = Debug;
		};
		74BF525014CE46AE003AE685 /* Release */ = {
			isa = XCBuildConfiguration;
			buildSettings = {
				ALWAYS_SEARCH_USER_PATHS = NO;
				ARCHS = "$(ARCHS_STANDARD_32_BIT)";
				CLANG_ENABLE_OBJC_ARC = YES;
				"CODE_SIGN_IDENTITY[sdk=iphoneos*]" = "iPhone Developer";
				COPY_PHASE_STRIP = YES;
				GCC_C_LANGUAGE_STANDARD = gnu99;
				GCC_VERSION = com.apple.compilers.llvm.clang.1_0;
				GCC_WARN_ABOUT_MISSING_PROTOTYPES = YES;
				GCC_WARN_ABOUT_RETURN_TYPE = YES;
				GCC_WARN_UNUSED_VARIABLE = YES;
				IPHONEOS_DEPLOYMENT_TARGET = 5.0;
				OTHER_CFLAGS = "-DNS_BLOCK_ASSERTIONS=1";
				SDKROOT = iphoneos;
				VALIDATE_PRODUCT = YES;
			};
			name = Release;
		};
		74BF525214CE46AE003AE685 /* Debug */ = {
			isa = XCBuildConfiguration;
			buildSettings = {
				GCC_PRECOMPILE_PREFIX_HEADER = YES;
				GCC_PREFIX_HEADER = "Regularity/Regularity-Prefix.pch";
				INFOPLIST_FILE = "Regularity/Regularity-Info.plist";
				PRODUCT_NAME = "$(TARGET_NAME)";
				WRAPPER_EXTENSION = app;
			};
			name = Debug;
		};
		74BF525314CE46AE003AE685 /* Release */ = {
			isa = XCBuildConfiguration;
			buildSettings = {
				GCC_PRECOMPILE_PREFIX_HEADER = YES;
				GCC_PREFIX_HEADER = "Regularity/Regularity-Prefix.pch";
				INFOPLIST_FILE = "Regularity/Regularity-Info.plist";
				PRODUCT_NAME = "$(TARGET_NAME)";
				WRAPPER_EXTENSION = app;
			};
			name = Release;
		};
/* End XCBuildConfiguration section */

/* Begin XCConfigurationList section */
		74BF522D14CE46AE003AE685 /* Build configuration list for PBXProject "Regularity" */ = {
			isa = XCConfigurationList;
			buildConfigurations = (
				74BF524F14CE46AE003AE685 /* Debug */,
				74BF525014CE46AE003AE685 /* Release */,
			);
			defaultConfigurationIsVisible = 0;
			defaultConfigurationName = Release;
		};
		74BF525114CE46AE003AE685 /* Build configuration list for PBXNativeTarget "Regularity" */ = {
			isa = XCConfigurationList;
			buildConfigurations = (
				74BF525214CE46AE003AE685 /* Debug */,
				74BF525314CE46AE003AE685 /* Release */,
			);
			defaultConfigurationIsVisible = 0;
		};
/* End XCConfigurationList section */
	};
	rootObject = 74BF522A14CE46AE003AE685 /* Project object */;
}
